
Microsoft Visual Studio Solution File, Format Version 12.00
# Visual Studio 2013
VisualStudioVersion = 12.0.30723.0
MinimumVisualStudioVersion = 10.0.40219.1
Project("{FAE04EC0-301F-11D3-BF4B-00C04F79EFBC}") = "MegaCityOne.Mvc", "MegaCityOne.Mvc\MegaCityOne.Mvc.csproj", "{808301CA-EFFB-46A0-8C0E-8E203781FB5F}"
EndProject
Project("{FAE04EC0-301F-11D3-BF4B-00C04F79EFBC}") = "MegaCityOne.Mvc.Example", "MegaCityOne.Mvc.Example\MegaCityOne.Mvc.Example.csproj", "{291D40C9-075E-4C3B-A00D-3AE026304AFE}"
EndProject
Project("{FAE04EC0-301F-11D3-BF4B-00C04F79EFBC}") = "MegaCityOne.Mvc.Tests", "MegaCityOne.Mvc.Tests\MegaCityOne.Mvc.Tests.csproj", "{60D3676D-C62B-437A-8E4B-4CC3660747ED}"
EndProject
Global
	GlobalSection(SolutionConfigurationPlatforms) = preSolution
		Debug|Any CPU = Debug|Any CPU
		Release|Any CPU = Release|Any CPU
	EndGlobalSection
	GlobalSection(ProjectConfigurationPlatforms) = postSolution
		{808301CA-EFFB-46A0-8C0E-8E203781FB5F}.Debug|Any CPU.ActiveCfg = Debug|Any CPU
		{808301CA-EFFB-46A0-8C0E-8E203781FB5F}.Debug|Any CPU.Build.0 = Debug|Any CPU
		{808301CA-EFFB-46A0-8C0E-8E203781FB5F}.Release|Any CPU.ActiveCfg = Release|Any CPU
		{808301CA-EFFB-46A0-8C0E-8E203781FB5F}.Release|Any CPU.Build.0 = Release|Any CPU
		{291D40C9-075E-4C3B-A00D-3AE026304AFE}.Debug|Any CPU.ActiveCfg = Debug|Any CPU
		{291D40C9-075E-4C3B-A00D-3AE026304AFE}.Debug|Any CPU.Build.0 = Debug|Any CPU
		{291D40C9-075E-4C3B-A00D-3AE026304AFE}.Release|Any CPU.ActiveCfg = Release|Any CPU
		{291D40C9-075E-4C3B-A00D-3AE026304AFE}.Release|Any CPU.Build.0 = Release|Any CPU
		{60D3676D-C62B-437A-8E4B-4CC3660747ED}.Debug|Any CPU.ActiveCfg = Debug|Any CPU
		{60D3676D-C62B-437A-8E4B-4CC3660747ED}.Debug|Any CPU.Build.0 = Debug|Any CPU
		{60D3676D-C62B-437A-8E4B-4CC3660747ED}.Release|Any CPU.ActiveCfg = Release|Any CPU
		{60D3676D-C62B-437A-8E4B-4CC3660747ED}.Release|Any CPU.Build.0 = Release|Any CPU
	EndGlobalSection
	GlobalSection(SolutionProperties) = preSolution
		HideSolutionNode = FALSE
	EndGlobalSection
EndGlobal
